
Microsoft Visual Studio Solution File, Format Version 12.00
# Visual Studio Version 17
VisualStudioVersion = 17.0.32014.148
MinimumVisualStudioVersion = 10.0.40219.1
Project("{FAE04EC0-301F-11D3-BF4B-00C04F79EFBC}") = "Sieval_API", "Sieval_API\Sieval_API.csproj", "{EC08766B-7BAC-4C9D-B4A8-5CB3955CC49C}"
EndProject
Global
	GlobalSection(SolutionConfigurationPlatforms) = preSolution
		Debug|Any CPU = Debug|Any CPU
		Release|Any CPU = Release|Any CPU
	EndGlobalSection
	GlobalSection(ProjectConfigurationPlatforms) = postSolution
		{EC08766B-7BAC-4C9D-B4A8-5CB3955CC49C}.Debug|Any CPU.ActiveCfg = Debug|Any CPU
		{EC08766B-7BAC-4C9D-B4A8-5CB3955CC49C}.Debug|Any CPU.Build.0 = Debug|Any CPU
		{EC08766B-7BAC-4C9D-B4A8-5CB3955CC49C}.Release|Any CPU.ActiveCfg = Release|Any CPU
		{EC08766B-7BAC-4C9D-B4A8-5CB3955CC49C}.Release|Any CPU.Build.0 = Release|Any CPU
	EndGlobalSection
	GlobalSection(SolutionProperties) = preSolution
		HideSolutionNode = FALSE
	EndGlobalSection
	GlobalSection(ExtensibilityGlobals) = postSolution
		SolutionGuid = {76458E28-DDFD-45AB-BB91-EB3365682F64}
	EndGlobalSection
EndGlobal
